
Microsoft Visual Studio Solution File, Format Version 12.00
# Visual Studio Version 17
VisualStudioVersion = 17.3.32825.248
MinimumVisualStudioVersion = 10.0.40219.1
Project("{FAE04EC0-301F-11D3-BF4B-00C04F79EFBC}") = "MvcWelcomeApp", "MvcWelcomeApp.csproj", "{5382802E-BD84-44AC-960B-F35C6DC3FE9B}"
EndProject
Global
	GlobalSection(SolutionConfigurationPlatforms) = preSolution
		Debug|Any CPU = Debug|Any CPU
		Release|Any CPU = Release|Any CPU
	EndGlobalSection
	GlobalSection(ProjectConfigurationPlatforms) = postSolution
		{5382802E-BD84-44AC-960B-F35C6DC3FE9B}.Debug|Any CPU.ActiveCfg = Debug|Any CPU
		{5382802E-BD84-44AC-960B-F35C6DC3FE9B}.Debug|Any CPU.Build.0 = Debug|Any CPU
		{5382802E-BD84-44AC-960B-F35C6DC3FE9B}.Release|Any CPU.ActiveCfg = Release|Any CPU
		{5382802E-BD84-44AC-960B-F35C6DC3FE9B}.Release|Any CPU.Build.0 = Release|Any CPU
	EndGlobalSection
	GlobalSection(SolutionProperties) = preSolution
		HideSolutionNode = FALSE
	EndGlobalSection
	GlobalSection(ExtensibilityGlobals) = postSolution
		SolutionGuid = {22AEE9B7-FF90-44F8-94F9-6DE5C43A3C41}
	EndGlobalSection
EndGlobal
